
Microsoft Visual Studio Solution File, Format Version 12.00
# Visual Studio 14
VisualStudioVersion = 14.0.25420.1
MinimumVisualStudioVersion = 10.0.40219.1
Project("{FAE04EC0-301F-11D3-BF4B-00C04F79EFBC}") = "whatsboot", "whatsboot\whatsboot.csproj", "{8E3B3EEC-C1FB-4F8C-81DA-67037C6CD5E2}"
EndProject
Project("{FAE04EC0-301F-11D3-BF4B-00C04F79EFBC}") = "WhatsAppSeleniumAPI", "WhatsAppSeleniumAPI\WhatsAppSeleniumAPI.csproj", "{77C2833B-F09B-4A9B-8FD6-26EFC2C1DFA8}"
EndProject
Global
	GlobalSection(SolutionConfigurationPlatforms) = preSolution
		Debug|Any CPU = Debug|Any CPU
		Release|Any CPU = Release|Any CPU
	EndGlobalSection
	GlobalSection(ProjectConfigurationPlatforms) = postSolution
		{8E3B3EEC-C1FB-4F8C-81DA-67037C6CD5E2}.Debug|Any CPU.ActiveCfg = Debug|Any CPU
		{8E3B3EEC-C1FB-4F8C-81DA-67037C6CD5E2}.Debug|Any CPU.Build.0 = Debug|Any CPU
		{8E3B3EEC-C1FB-4F8C-81DA-67037C6CD5E2}.Release|Any CPU.ActiveCfg = Release|Any CPU
		{8E3B3EEC-C1FB-4F8C-81DA-67037C6CD5E2}.Release|Any CPU.Build.0 = Release|Any CPU
		{77C2833B-F09B-4A9B-8FD6-26EFC2C1DFA8}.Debug|Any CPU.ActiveCfg = Debug|Any CPU
		{77C2833B-F09B-4A9B-8FD6-26EFC2C1DFA8}.Debug|Any CPU.Build.0 = Debug|Any CPU
		{77C2833B-F09B-4A9B-8FD6-26EFC2C1DFA8}.Release|Any CPU.ActiveCfg = Release|Any CPU
		{77C2833B-F09B-4A9B-8FD6-26EFC2C1DFA8}.Release|Any CPU.Build.0 = Release|Any CPU
	EndGlobalSection
	GlobalSection(SolutionProperties) = preSolution
		HideSolutionNode = FALSE
	EndGlobalSection
EndGlobal
